
Microsoft Visual Studio Solution File, Format Version 12.00
# Visual Studio Version 16
VisualStudioVersion = 16.0.30711.63
MinimumVisualStudioVersion = 10.0.40219.1
Project("{9A19103F-16F7-4668-BE54-9A1E7A4F7556}") = "ConsoleApp", "ConsoleApp\ConsoleApp.csproj", "{3D797069-F6D9-4323-9FBC-3E863BD4742A}"
EndProject
Project("{9A19103F-16F7-4668-BE54-9A1E7A4F7556}") = "MusicStore.Core", "MusicStore.Core\MusicStore.Core.csproj", "{316A8B36-9361-44AE-AC6D-B5541C6F90D3}"
EndProject
Project("{2150E333-8FDC-42A3-9474-1A3956D46DE8}") = "001 - Persistence", "001 - Persistence", "{443AD1EF-5EBA-4B36-A999-E527B2CB5E2E}"
EndProject
Project("{9A19103F-16F7-4668-BE54-9A1E7A4F7556}") = "MusicStore.Infra.Persistence", "MusicStore.Infra.Persistence\MusicStore.Infra.Persistence.csproj", "{91FC88D4-1B12-43B1-B332-77FA96D70153}"
EndProject
Project("{9A19103F-16F7-4668-BE54-9A1E7A4F7556}") = "MusicStore.Infra.Persistence.Tests", "MusicStore.Infra.Persistence.Tests\MusicStore.Infra.Persistence.Tests.csproj", "{7B3DE426-49E0-4E72-93E0-D918000EECDD}"
EndProject
Project("{2150E333-8FDC-42A3-9474-1A3956D46DE8}") = "002 - Business", "002 - Business", "{9D8B454B-D265-4231-BE1E-89DF879C463C}"
EndProject
Project("{9A19103F-16F7-4668-BE54-9A1E7A4F7556}") = "MusicStore.Business", "MusicStore.Business\MusicStore.Business.csproj", "{E7E18194-878A-400F-A9BC-2B001DAB39D1}"
EndProject
Project("{2150E333-8FDC-42A3-9474-1A3956D46DE8}") = "999-Tests", "999-Tests", "{C62079B6-3EE5-49F3-AEE8-5E89DE86C166}"
EndProject
Project("{2150E333-8FDC-42A3-9474-1A3956D46DE8}") = "003 - Services", "003 - Services", "{7C2B8047-4321-42B7-8528-5A4E344C9F80}"
EndProject
Project("{9A19103F-16F7-4668-BE54-9A1E7A4F7556}") = "MusicStore.Services", "MusicStore.Services\MusicStore.Services.csproj", "{A1E3C17A-3E78-471D-840A-C02D2413E0A9}"
EndProject
Project("{2150E333-8FDC-42A3-9474-1A3956D46DE8}") = "004 - UI", "004 - UI", "{026B6C83-2A8E-4628-BF17-710879C20BEA}"
EndProject
Project("{9A19103F-16F7-4668-BE54-9A1E7A4F7556}") = "WebApplication2", "WebApplication2\WebApplication2.csproj", "{B2A36EAD-7C11-424C-8B1F-6719A990E986}"
EndProject
Project("{FAE04EC0-301F-11D3-BF4B-00C04F79EFBC}") = "MusicStore.Mobile.Android", "MusicStore.Mobile\MusicStore.Mobile.Android\MusicStore.Mobile.Android.csproj", "{7CAECED9-21A9-461D-ACDD-D9CAE23715F9}"
EndProject
Project("{FAE04EC0-301F-11D3-BF4B-00C04F79EFBC}") = "MusicStore.Mobile.iOS", "MusicStore.Mobile\MusicStore.Mobile.iOS\MusicStore.Mobile.iOS.csproj", "{9B2E93BB-5664-4367-8615-65DCAEE83E5B}"
EndProject
Project("{9A19103F-16F7-4668-BE54-9A1E7A4F7556}") = "MusicStore.Mobile", "MusicStore.Mobile\MusicStore.Mobile\MusicStore.Mobile.csproj", "{C0F3E9A2-A72B-4545-9DB3-8E3E3188EBFC}"
EndProject
Project("{2150E333-8FDC-42A3-9474-1A3956D46DE8}") = "005 - Mobile", "005 - Mobile", "{BB1DFFA3-2249-439A-916B-48219E13EF16}"
EndProject
Global
	GlobalSection(SolutionConfigurationPlatforms) = preSolution
		Debug|Any CPU = Debug|Any CPU
		Debug|iPhone = Debug|iPhone
		Debug|iPhoneSimulator = Debug|iPhoneSimulator
		Release|Any CPU = Release|Any CPU
		Release|iPhone = Release|iPhone
		Release|iPhoneSimulator = Release|iPhoneSimulator
	EndGlobalSection
	GlobalSection(ProjectConfigurationPlatforms) = postSolution
		{3D797069-F6D9-4323-9FBC-3E863BD4742A}.Debug|Any CPU.ActiveCfg = Debug|Any CPU
		{3D797069-F6D9-4323-9FBC-3E863BD4742A}.Debug|Any CPU.Build.0 = Debug|Any CPU
		{3D797069-F6D9-4323-9FBC-3E863BD4742A}.Debug|iPhone.ActiveCfg = Debug|Any CPU
		{3D797069-F6D9-4323-9FBC-3E863BD4742A}.Debug|iPhone.Build.0 = Debug|Any CPU
		{3D797069-F6D9-4323-9FBC-3E863BD4742A}.Debug|iPhoneSimulator.ActiveCfg = Debug|Any CPU
		{3D797069-F6D9-4323-9FBC-3E863BD4742A}.Debug|iPhoneSimulator.Build.0 = Debug|Any CPU
		{3D797069-F6D9-4323-9FBC-3E863BD4742A}.Release|Any CPU.ActiveCfg = Release|Any CPU
		{3D797069-F6D9-4323-9FBC-3E863BD4742A}.Release|Any CPU.Build.0 = Release|Any CPU
		{3D797069-F6D9-4323-9FBC-3E863BD4742A}.Release|iPhone.ActiveCfg = Release|Any CPU
		{3D797069-F6D9-4323-9FBC-3E863BD4742A}.Release|iPhone.Build.0 = Release|Any CPU
		{3D797069-F6D9-4323-9FBC-3E863BD4742A}.Release|iPhoneSimulator.ActiveCfg = Release|Any CPU
		{3D797069-F6D9-4323-9FBC-3E863BD4742A}.Release|iPhoneSimulator.Build.0 = Release|Any CPU
		{316A8B36-9361-44AE-AC6D-B5541C6F90D3}.Debug|Any CPU.ActiveCfg = Debug|Any CPU
		{316A8B36-9361-44AE-AC6D-B5541C6F90D3}.Debug|Any CPU.Build.0 = Debug|Any CPU
		{316A8B36-9361-44AE-AC6D-B5541C6F90D3}.Debug|iPhone.ActiveCfg = Debug|Any CPU
		{316A8B36-9361-44AE-AC6D-B5541C6F90D3}.Debug|iPhone.Build.0 = Debug|Any CPU
		{316A8B36-9361-44AE-AC6D-B5541C6F90D3}.Debug|iPhoneSimulator.ActiveCfg = Debug|Any CPU
		{316A8B36-9361-44AE-AC6D-B5541C6F90D3}.Debug|iPhoneSimulator.Build.0 = Debug|Any CPU
		{316A8B36-9361-44AE-AC6D-B5541C6F90D3}.Release|Any CPU.ActiveCfg = Release|Any CPU
		{316A8B36-9361-44AE-AC6D-B5541C6F90D3}.Release|Any CPU.Build.0 = Release|Any CPU
		{316A8B36-9361-44AE-AC6D-B5541C6F90D3}.Release|iPhone.ActiveCfg = Release|Any CPU
		{316A8B36-9361-44AE-AC6D-B5541C6F90D3}.Release|iPhone.Build.0 = Release|Any CPU
		{316A8B36-9361-44AE-AC6D-B5541C6F90D3}.Release|iPhoneSimulator.ActiveCfg = Release|Any CPU
		{316A8B36-9361-44AE-AC6D-B5541C6F90D3}.Release|iPhoneSimulator.Build.0 = Release|Any CPU
		{91FC88D4-1B12-43B1-B332-77FA96D70153}.Debug|Any CPU.ActiveCfg = Debug|Any CPU
		{91FC88D4-1B12-43B1-B332-77FA96D70153}.Debug|Any CPU.Build.0 = Debug|Any CPU
		{91FC88D4-1B12-43B1-B332-77FA96D70153}.Debug|iPhone.ActiveCfg = Debug|Any CPU
		{91FC88D4-1B12-43B1-B332-77FA96D70153}.Debug|iPhone.Build.0 = Debug|Any CPU
		{91FC88D4-1B12-43B1-B332-77FA96D70153}.Debug|iPhoneSimulator.ActiveCfg = Debug|Any CPU
		{91FC88D4-1B12-43B1-B332-77FA96D70153}.Debug|iPhoneSimulator.Build.0 = Debug|Any CPU
		{91FC88D4-1B12-43B1-B332-77FA96D70153}.Release|Any CPU.ActiveCfg = Release|Any CPU
		{91FC88D4-1B12-43B1-B332-77FA96D70153}.Release|Any CPU.Build.0 = Release|Any CPU
		{91FC88D4-1B12-43B1-B332-77FA96D70153}.Release|iPhone.ActiveCfg = Release|Any CPU
		{91FC88D4-1B12-43B1-B332-77FA96D70153}.Release|iPhone.Build.0 = Release|Any CPU
		{91FC88D4-1B12-43B1-B332-77FA96D70153}.Release|iPhoneSimulator.ActiveCfg = Release|Any CPU
		{91FC88D4-1B12-43B1-B332-77FA96D70153}.Release|iPhoneSimulator.Build.0 = Release|Any CPU
		{7B3DE426-49E0-4E72-93E0-D918000EECDD}.Debug|Any CPU.ActiveCfg = Debug|Any CPU
		{7B3DE426-49E0-4E72-93E0-D918000EECDD}.Debug|Any CPU.Build.0 = Debug|Any CPU
		{7B3DE426-49E0-4E72-93E0-D918000EECDD}.Debug|iPhone.ActiveCfg = Debug|Any CPU
		{7B3DE426-49E0-4E72-93E0-D918000EECDD}.Debug|iPhone.Build.0 = Debug|Any CPU
		{7B3DE426-49E0-4E72-93E0-D918000EECDD}.Debug|iPhoneSimulator.ActiveCfg = Debug|Any CPU
		{7B3DE426-49E0-4E72-93E0-D918000EECDD}.Debug|iPhoneSimulator.Build.0 = Debug|Any CPU
		{7B3DE426-49E0-4E72-93E0-D918000EECDD}.Release|Any CPU.ActiveCfg = Release|Any CPU
		{7B3DE426-49E0-4E72-93E0-D918000EECDD}.Release|Any CPU.Build.0 = Release|Any CPU
		{7B3DE426-49E0-4E72-93E0-D918000EECDD}.Release|iPhone.ActiveCfg = Release|Any CPU
		{7B3DE426-49E0-4E72-93E0-D918000EECDD}.Release|iPhone.Build.0 = Release|Any CPU
		{7B3DE426-49E0-4E72-93E0-D918000EECDD}.Release|iPhoneSimulator.ActiveCfg = Release|Any CPU
		{7B3DE426-49E0-4E72-93E0-D918000EECDD}.Release|iPhoneSimulator.Build.0 = Release|Any CPU
		{E7E18194-878A-400F-A9BC-2B001DAB39D1}.Debug|Any CPU.ActiveCfg = Debug|Any CPU
		{E7E18194-878A-400F-A9BC-2B001DAB39D1}.Debug|Any CPU.Build.0 = Debug|Any CPU
		{E7E18194-878A-400F-A9BC-2B001DAB39D1}.Debug|iPhone.ActiveCfg = Debug|Any CPU
		{E7E18194-878A-400F-A9BC-2B001DAB39D1}.Debug|iPhone.Build.0 = Debug|Any CPU
		{E7E18194-878A-400F-A9BC-2B001DAB39D1}.Debug|iPhoneSimulator.ActiveCfg = Debug|Any CPU
		{E7E18194-878A-400F-A9BC-2B001DAB39D1}.Debug|iPhoneSimulator.Build.0 = Debug|Any CPU
		{E7E18194-878A-400F-A9BC-2B001DAB39D1}.Release|Any CPU.ActiveCfg = Release|Any CPU
		{E7E18194-878A-400F-A9BC-2B001DAB39D1}.Release|Any CPU.Build.0 = Release|Any CPU
		{E7E18194-878A-400F-A9BC-2B001DAB39D1}.Release|iPhone.ActiveCfg = Release|Any CPU
		{E7E18194-878A-400F-A9BC-2B001DAB39D1}.Release|iPhone.Build.0 = Release|Any CPU
		{E7E18194-878A-400F-A9BC-2B001DAB39D1}.Release|iPhoneSimulator.ActiveCfg = Release|Any CPU
		{E7E18194-878A-400F-A9BC-2B001DAB39D1}.Release|iPhoneSimulator.Build.0 = Release|Any CPU
		{A1E3C17A-3E78-471D-840A-C02D2413E0A9}.Debug|Any CPU.ActiveCfg = Debug|Any CPU
		{A1E3C17A-3E78-471D-840A-C02D2413E0A9}.Debug|Any CPU.Build.0 = Debug|Any CPU
		{A1E3C17A-3E78-471D-840A-C02D2413E0A9}.Debug|iPhone.ActiveCfg = Debug|Any CPU
		{A1E3C17A-3E78-471D-840A-C02D2413E0A9}.Debug|iPhone.Build.0 = Debug|Any CPU
		{A1E3C17A-3E78-471D-840A-C02D2413E0A9}.Debug|iPhoneSimulator.ActiveCfg = Debug|Any CPU
		{A1E3C17A-3E78-471D-840A-C02D2413E0A9}.Debug|iPhoneSimulator.Build.0 = Debug|Any CPU
		{A1E3C17A-3E78-471D-840A-C02D2413E0A9}.Release|Any CPU.ActiveCfg = Release|Any CPU
		{A1E3C17A-3E78-471D-840A-C02D2413E0A9}.Release|Any CPU.Build.0 = Release|Any CPU
		{A1E3C17A-3E78-471D-840A-C02D2413E0A9}.Release|iPhone.ActiveCfg = Release|Any CPU
		{A1E3C17A-3E78-471D-840A-C02D2413E0A9}.Release|iPhone.Build.0 = Release|Any CPU
		{A1E3C17A-3E78-471D-840A-C02D2413E0A9}.Release|iPhoneSimulator.ActiveCfg = Release|Any CPU
		{A1E3C17A-3E78-471D-840A-C02D2413E0A9}.Release|iPhoneSimulator.Build.0 = Release|Any CPU
		{B2A36EAD-7C11-424C-8B1F-6719A990E986}.Debug|Any CPU.ActiveCfg = Debug|Any CPU
		{B2A36EAD-7C11-424C-8B1F-6719A990E986}.Debug|Any CPU.Build.0 = Debug|Any CPU
		{B2A36EAD-7C11-424C-8B1F-6719A990E986}.Debug|iPhone.ActiveCfg = Debug|Any CPU
		{B2A36EAD-7C11-424C-8B1F-6719A990E986}.Debug|iPhone.Build.0 = Debug|Any CPU
		{B2A36EAD-7C11-424C-8B1F-6719A990E986}.Debug|iPhoneSimulator.ActiveCfg = Debug|Any CPU
		{B2A36EAD-7C11-424C-8B1F-6719A990E986}.Debug|iPhoneSimulator.Build.0 = Debug|Any CPU
		{B2A36EAD-7C11-424C-8B1F-6719A990E986}.Release|Any CPU.ActiveCfg = Release|Any CPU
		{B2A36EAD-7C11-424C-8B1F-6719A990E986}.Release|Any CPU.Build.0 = Release|Any CPU
		{B2A36EAD-7C11-424C-8B1F-6719A990E986}.Release|iPhone.ActiveCfg = Release|Any CPU
		{B2A36EAD-7C11-424C-8B1F-6719A990E986}.Release|iPhone.Build.0 = Release|Any CPU
		{B2A36EAD-7C11-424C-8B1F-6719A990E986}.Release|iPhoneSimulator.ActiveCfg = Release|Any CPU
		{B2A36EAD-7C11-424C-8B1F-6719A990E986}.Release|iPhoneSimulator.Build.0 = Release|Any CPU
		{7CAECED9-21A9-461D-ACDD-D9CAE23715F9}.Debug|Any CPU.ActiveCfg = Debug|Any CPU
		{7CAECED9-21A9-461D-ACDD-D9CAE23715F9}.Debug|Any CPU.Build.0 = Debug|Any CPU
		{7CAECED9-21A9-461D-ACDD-D9CAE23715F9}.Debug|Any CPU.Deploy.0 = Debug|Any CPU
		{7CAECED9-21A9-461D-ACDD-D9CAE23715F9}.Debug|iPhone.ActiveCfg = Debug|Any CPU
		{7CAECED9-21A9-461D-ACDD-D9CAE23715F9}.Debug|iPhone.Build.0 = Debug|Any CPU
		{7CAECED9-21A9-461D-ACDD-D9CAE23715F9}.Debug|iPhone.Deploy.0 = Debug|Any CPU
		{7CAECED9-21A9-461D-ACDD-D9CAE23715F9}.Debug|iPhoneSimulator.ActiveCfg = Debug|Any CPU
		{7CAECED9-21A9-461D-ACDD-D9CAE23715F9}.Debug|iPhoneSimulator.Build.0 = Debug|Any CPU
		{7CAECED9-21A9-461D-ACDD-D9CAE23715F9}.Debug|iPhoneSimulator.Deploy.0 = Debug|Any CPU
		{7CAECED9-21A9-461D-ACDD-D9CAE23715F9}.Release|Any CPU.ActiveCfg = Release|Any CPU
		{7CAECED9-21A9-461D-ACDD-D9CAE23715F9}.Release|Any CPU.Build.0 = Release|Any CPU
		{7CAECED9-21A9-461D-ACDD-D9CAE23715F9}.Release|Any CPU.Deploy.0 = Release|Any CPU
		{7CAECED9-21A9-461D-ACDD-D9CAE23715F9}.Release|iPhone.ActiveCfg = Release|Any CPU
		{7CAECED9-21A9-461D-ACDD-D9CAE23715F9}.Release|iPhone.Build.0 = Release|Any CPU
		{7CAECED9-21A9-461D-ACDD-D9CAE23715F9}.Release|iPhone.Deploy.0 = Release|Any CPU
		{7CAECED9-21A9-461D-ACDD-D9CAE23715F9}.Release|iPhoneSimulator.ActiveCfg = Release|Any CPU
		{7CAECED9-21A9-461D-ACDD-D9CAE23715F9}.Release|iPhoneSimulator.Build.0 = Release|Any CPU
		{7CAECED9-21A9-461D-ACDD-D9CAE23715F9}.Release|iPhoneSimulator.Deploy.0 = Release|Any CPU
		{9B2E93BB-5664-4367-8615-65DCAEE83E5B}.Debug|Any CPU.ActiveCfg = Debug|iPhoneSimulator
		{9B2E93BB-5664-4367-8615-65DCAEE83E5B}.Debug|iPhone.ActiveCfg = Debug|iPhone
		{9B2E93BB-5664-4367-8615-65DCAEE83E5B}.Debug|iPhone.Build.0 = Debug|iPhone
		{9B2E93BB-5664-4367-8615-65DCAEE83E5B}.Debug|iPhoneSimulator.ActiveCfg = Debug|iPhoneSimulator
		{9B2E93BB-5664-4367-8615-65DCAEE83E5B}.Debug|iPhoneSimulator.Build.0 = Debug|iPhoneSimulator
		{9B2E93BB-5664-4367-8615-65DCAEE83E5B}.Release|Any CPU.ActiveCfg = Release|iPhoneSimulator
		{9B2E93BB-5664-4367-8615-65DCAEE83E5B}.Release|iPhone.ActiveCfg = Release|iPhone
		{9B2E93BB-5664-4367-8615-65DCAEE83E5B}.Release|iPhone.Build.0 = Release|iPhone
		{9B2E93BB-5664-4367-8615-65DCAEE83E5B}.Release|iPhoneSimulator.ActiveCfg = Release|iPhoneSimulator
		{9B2E93BB-5664-4367-8615-65DCAEE83E5B}.Release|iPhoneSimulator.Build.0 = Release|iPhoneSimulator
		{C0F3E9A2-A72B-4545-9DB3-8E3E3188EBFC}.Debug|Any CPU.ActiveCfg = Debug|Any CPU
		{C0F3E9A2-A72B-4545-9DB3-8E3E3188EBFC}.Debug|Any CPU.Build.0 = Debug|Any CPU
		{C0F3E9A2-A72B-4545-9DB3-8E3E3188EBFC}.Debug|iPhone.ActiveCfg = Debug|Any CPU
		{C0F3E9A2-A72B-4545-9DB3-8E3E3188EBFC}.Debug|iPhone.Build.0 = Debug|Any CPU
		{C0F3E9A2-A72B-4545-9DB3-8E3E3188EBFC}.Debug|iPhoneSimulator.ActiveCfg = Debug|Any CPU
		{C0F3E9A2-A72B-4545-9DB3-8E3E3188EBFC}.Debug|iPhoneSimulator.Build.0 = Debug|Any CPU
		{C0F3E9A2-A72B-4545-9DB3-8E3E3188EBFC}.Release|Any CPU.ActiveCfg = Release|Any CPU
		{C0F3E9A2-A72B-4545-9DB3-8E3E3188EBFC}.Release|Any CPU.Build.0 = Release|Any CPU
		{C0F3E9A2-A72B-4545-9DB3-8E3E3188EBFC}.Release|iPhone.ActiveCfg = Release|Any CPU
		{C0F3E9A2-A72B-4545-9DB3-8E3E3188EBFC}.Release|iPhone.Build.0 = Release|Any CPU
		{C0F3E9A2-A72B-4545-9DB3-8E3E3188EBFC}.Release|iPhoneSimulator.ActiveCfg = Release|Any CPU
		{C0F3E9A2-A72B-4545-9DB3-8E3E3188EBFC}.Release|iPhoneSimulator.Build.0 = Release|Any CPU
	EndGlobalSection
	GlobalSection(SolutionProperties) = preSolution
		HideSolutionNode = FALSE
	EndGlobalSection
	GlobalSection(NestedProjects) = preSolution
		{91FC88D4-1B12-43B1-B332-77FA96D70153} = {443AD1EF-5EBA-4B36-A999-E527B2CB5E2E}
		{7B3DE426-49E0-4E72-93E0-D918000EECDD} = {C62079B6-3EE5-49F3-AEE8-5E89DE86C166}
		{E7E18194-878A-400F-A9BC-2B001DAB39D1} = {9D8B454B-D265-4231-BE1E-89DF879C463C}
		{A1E3C17A-3E78-471D-840A-C02D2413E0A9} = {7C2B8047-4321-42B7-8528-5A4E344C9F80}
		{B2A36EAD-7C11-424C-8B1F-6719A990E986} = {026B6C83-2A8E-4628-BF17-710879C20BEA}
		{7CAECED9-21A9-461D-ACDD-D9CAE23715F9} = {BB1DFFA3-2249-439A-916B-48219E13EF16}
		{9B2E93BB-5664-4367-8615-65DCAEE83E5B} = {BB1DFFA3-2249-439A-916B-48219E13EF16}
		{C0F3E9A2-A72B-4545-9DB3-8E3E3188EBFC} = {BB1DFFA3-2249-439A-916B-48219E13EF16}
	EndGlobalSection
	GlobalSection(ExtensibilityGlobals) = postSolution
		SolutionGuid = {CCF3DAF0-CF55-4C1D-AF02-0F803394E957}
	EndGlobalSection
EndGlobal
